
Microsoft Visual Studio Solution File, Format Version 12.00
# Visual Studio 15
VisualStudioVersion = 15.0.27428.2015
MinimumVisualStudioVersion = 10.0.40219.1
Project("{8BC9CEB8-8B4A-11D0-8D11-00A0C91BC942}") = "TempestCPU", "TempestCPU\TempestCPU.vcxproj", "{A95EB6BB-84A8-4474-913F-D01D9FB77D24}"
EndProject
Project("{8BC9CEB8-8B4A-11D0-8D11-00A0C91BC942}") = "TempestIO", "TempestIO\TempestIO.vcxproj", "{DB91AA41-E33E-4FA3-A901-50DAADB164D8}"
EndProject
Project("{2150E333-8FDC-42A3-9474-1A3956D46DE8}") = "DotNet", "DotNet", "{C59FDA7E-5BE6-4122-BB6A-D5F3CDA308F9}"
EndProject
Project("{8BC9CEB8-8B4A-11D0-8D11-00A0C91BC942}") = "Tempest.NET", "DotNet\Tempest.NET\Tempest.NET.vcxproj", "{1DA6BB69-4290-49A5-A903-CBAE8752BD54}"
EndProject
Project("{FAE04EC0-301F-11D3-BF4B-00C04F79EFBC}") = "TempestWpf", "DotNet\TempestWpf\TempestWpf.csproj", "{32295E65-DCE1-409D-86E0-F444295DB481}"
EndProject
Project("{8BC9CEB8-8B4A-11D0-8D11-00A0C91BC942}") = "TempestUnitTests", "TempestUnitTests\TempestUnitTests.vcxproj", "{56C3B21C-5DF0-4002-AAE2-536F69594619}"
EndProject
Project("{8BC9CEB8-8B4A-11D0-8D11-00A0C91BC942}") = "AsteroidsCPU", "AsteroidsCPU\AsteroidsCPU.vcxproj", "{D547C13F-5819-49DA-8EE6-E64881B219C4}"
EndProject
Project("{8BC9CEB8-8B4A-11D0-8D11-00A0C91BC942}") = "SQLite", "SQLite\SQLite.vcxproj", "{4BE652F2-98DE-4E02-8BB2-0893C8E01913}"
EndProject
Project("{2150E333-8FDC-42A3-9474-1A3956D46DE8}") = "Documents", "Documents", "{A9E91A84-5D34-4C07-9AD6-52ACC626744F}"
	ProjectSection(SolutionItems) = preProject
		Documents\STM32F4-Datasheet-DM00037051.pdf = Documents\STM32F4-Datasheet-DM00037051.pdf
		Documents\STM32F4-Disco-Datasheet-en.DM00039084.pdf = Documents\STM32F4-Disco-Datasheet-en.DM00039084.pdf
		Documents\STM32F4-Disco-Schematic-MB997.pdf = Documents\STM32F4-Disco-Schematic-MB997.pdf
		Documents\STM32F4-Ref-DM00031020.pdf = Documents\STM32F4-Ref-DM00031020.pdf
		Documents\Tempest Schematics.pdf = Documents\Tempest Schematics.pdf
		Documents\TempestOperationManual.pdf = Documents\TempestOperationManual.pdf
	EndProjectSection
EndProject
Project("{8BC9CEB8-8B4A-11D0-8D11-00A0C91BC942}") = "VectorGame", "VectorGame\VectorGame.vcxproj", "{B20F3AF0-06E4-4946-A1A4-1B2BD56F2372}"
EndProject
Project("{FAE04EC0-301F-11D3-BF4B-00C04F79EFBC}") = "TempestUWP", "DotNet\TempestUWP\TempestUWP.csproj", "{1E1330B4-9AB1-43E9-AE59-538E8152C05D}"
EndProject
Project("{8BC9CEB8-8B4A-11D0-8D11-00A0C91BC942}") = "Tempest.UWP.Component", "DotNet\Tempest.UWP.Component\Tempest.UWP.Component.vcxproj", "{35F255C5-F3E3-4DF7-9B18-64BD4D29B7D5}"
EndProject
Project("{8BC9CEB8-8B4A-11D0-8D11-00A0C91BC942}") = "Tempest.UWP.Lib", "DotNet\Tempest.UWP.Lib\Tempest.UWP.Lib.vcxproj", "{9B5EB8A6-8C08-42F6-9AC9-AC22F279E240}"
EndProject
Global
	GlobalSection(SolutionConfigurationPlatforms) = preSolution
		Debug|Any CPU = Debug|Any CPU
		Debug|ARM = Debug|ARM
		Debug|ARM64 = Debug|ARM64
		Debug|Mixed Platforms = Debug|Mixed Platforms
		Debug|Win32 = Debug|Win32
		Debug|x64 = Debug|x64
		Debug|x86 = Debug|x86
		Release|Any CPU = Release|Any CPU
		Release|ARM = Release|ARM
		Release|ARM64 = Release|ARM64
		Release|Mixed Platforms = Release|Mixed Platforms
		Release|Win32 = Release|Win32
		Release|x64 = Release|x64
		Release|x86 = Release|x86
	EndGlobalSection
	GlobalSection(ProjectConfigurationPlatforms) = postSolution
		{A95EB6BB-84A8-4474-913F-D01D9FB77D24}.Debug|Any CPU.ActiveCfg = Debug|Win32
		{A95EB6BB-84A8-4474-913F-D01D9FB77D24}.Debug|ARM.ActiveCfg = Debug|Win32
		{A95EB6BB-84A8-4474-913F-D01D9FB77D24}.Debug|ARM64.ActiveCfg = Debug|Win32
		{A95EB6BB-84A8-4474-913F-D01D9FB77D24}.Debug|Mixed Platforms.ActiveCfg = Debug|Win32
		{A95EB6BB-84A8-4474-913F-D01D9FB77D24}.Debug|Mixed Platforms.Build.0 = Debug|Win32
		{A95EB6BB-84A8-4474-913F-D01D9FB77D24}.Debug|Win32.ActiveCfg = Debug|Win32
		{A95EB6BB-84A8-4474-913F-D01D9FB77D24}.Debug|Win32.Build.0 = Debug|Win32
		{A95EB6BB-84A8-4474-913F-D01D9FB77D24}.Debug|x64.ActiveCfg = Debug|x64
		{A95EB6BB-84A8-4474-913F-D01D9FB77D24}.Debug|x64.Build.0 = Debug|x64
		{A95EB6BB-84A8-4474-913F-D01D9FB77D24}.Debug|x86.ActiveCfg = Debug|Win32
		{A95EB6BB-84A8-4474-913F-D01D9FB77D24}.Debug|x86.Build.0 = Debug|Win32
		{A95EB6BB-84A8-4474-913F-D01D9FB77D24}.Release|Any CPU.ActiveCfg = Release|Win32
		{A95EB6BB-84A8-4474-913F-D01D9FB77D24}.Release|ARM.ActiveCfg = Release|Win32
		{A95EB6BB-84A8-4474-913F-D01D9FB77D24}.Release|ARM64.ActiveCfg = Release|Win32
		{A95EB6BB-84A8-4474-913F-D01D9FB77D24}.Release|Mixed Platforms.ActiveCfg = Release|Win32
		{A95EB6BB-84A8-4474-913F-D01D9FB77D24}.Release|Mixed Platforms.Build.0 = Release|Win32
		{A95EB6BB-84A8-4474-913F-D01D9FB77D24}.Release|Win32.ActiveCfg = Release|Win32
		{A95EB6BB-84A8-4474-913F-D01D9FB77D24}.Release|Win32.Build.0 = Release|Win32
		{A95EB6BB-84A8-4474-913F-D01D9FB77D24}.Release|x64.ActiveCfg = Release|x64
		{A95EB6BB-84A8-4474-913F-D01D9FB77D24}.Release|x64.Build.0 = Release|x64
		{A95EB6BB-84A8-4474-913F-D01D9FB77D24}.Release|x86.ActiveCfg = Release|Win32
		{A95EB6BB-84A8-4474-913F-D01D9FB77D24}.Release|x86.Build.0 = Release|Win32
		{DB91AA41-E33E-4FA3-A901-50DAADB164D8}.Debug|Any CPU.ActiveCfg = Debug|Win32
		{DB91AA41-E33E-4FA3-A901-50DAADB164D8}.Debug|ARM.ActiveCfg = Debug|Win32
		{DB91AA41-E33E-4FA3-A901-50DAADB164D8}.Debug|ARM64.ActiveCfg = Debug|Win32
		{DB91AA41-E33E-4FA3-A901-50DAADB164D8}.Debug|Mixed Platforms.ActiveCfg = Debug|Win32
		{DB91AA41-E33E-4FA3-A901-50DAADB164D8}.Debug|Mixed Platforms.Build.0 = Debug|Win32
		{DB91AA41-E33E-4FA3-A901-50DAADB164D8}.Debug|Win32.ActiveCfg = Debug|Win32
		{DB91AA41-E33E-4FA3-A901-50DAADB164D8}.Debug|Win32.Build.0 = Debug|Win32
		{DB91AA41-E33E-4FA3-A901-50DAADB164D8}.Debug|x64.ActiveCfg = Debug|x64
		{DB91AA41-E33E-4FA3-A901-50DAADB164D8}.Debug|x64.Build.0 = Debug|x64
		{DB91AA41-E33E-4FA3-A901-50DAADB164D8}.Debug|x86.ActiveCfg = Debug|Win32
		{DB91AA41-E33E-4FA3-A901-50DAADB164D8}.Debug|x86.Build.0 = Debug|Win32
		{DB91AA41-E33E-4FA3-A901-50DAADB164D8}.Release|Any CPU.ActiveCfg = Release|Win32
		{DB91AA41-E33E-4FA3-A901-50DAADB164D8}.Release|ARM.ActiveCfg = Release|Win32
		{DB91AA41-E33E-4FA3-A901-50DAADB164D8}.Release|ARM64.ActiveCfg = Release|Win32
		{DB91AA41-E33E-4FA3-A901-50DAADB164D8}.Release|Mixed Platforms.ActiveCfg = Release|Win32
		{DB91AA41-E33E-4FA3-A901-50DAADB164D8}.Release|Mixed Platforms.Build.0 = Release|Win32
		{DB91AA41-E33E-4FA3-A901-50DAADB164D8}.Release|Win32.ActiveCfg = Release|Win32
		{DB91AA41-E33E-4FA3-A901-50DAADB164D8}.Release|Win32.Build.0 = Release|Win32
		{DB91AA41-E33E-4FA3-A901-50DAADB164D8}.Release|x64.ActiveCfg = Release|x64
		{DB91AA41-E33E-4FA3-A901-50DAADB164D8}.Release|x64.Build.0 = Release|x64
		{DB91AA41-E33E-4FA3-A901-50DAADB164D8}.Release|x86.ActiveCfg = Release|Win32
		{DB91AA41-E33E-4FA3-A901-50DAADB164D8}.Release|x86.Build.0 = Release|Win32
		{1DA6BB69-4290-49A5-A903-CBAE8752BD54}.Debug|Any CPU.ActiveCfg = Debug|Win32
		{1DA6BB69-4290-49A5-A903-CBAE8752BD54}.Debug|ARM.ActiveCfg = Debug|Win32
		{1DA6BB69-4290-49A5-A903-CBAE8752BD54}.Debug|ARM64.ActiveCfg = Debug|Win32
		{1DA6BB69-4290-49A5-A903-CBAE8752BD54}.Debug|Mixed Platforms.ActiveCfg = Debug|Win32
		{1DA6BB69-4290-49A5-A903-CBAE8752BD54}.Debug|Mixed Platforms.Build.0 = Debug|Win32
		{1DA6BB69-4290-49A5-A903-CBAE8752BD54}.Debug|Win32.ActiveCfg = Debug|Win32
		{1DA6BB69-4290-49A5-A903-CBAE8752BD54}.Debug|Win32.Build.0 = Debug|Win32
		{1DA6BB69-4290-49A5-A903-CBAE8752BD54}.Debug|x64.ActiveCfg = Debug|x64
		{1DA6BB69-4290-49A5-A903-CBAE8752BD54}.Debug|x64.Build.0 = Debug|x64
		{1DA6BB69-4290-49A5-A903-CBAE8752BD54}.Debug|x86.ActiveCfg = Debug|Win32
		{1DA6BB69-4290-49A5-A903-CBAE8752BD54}.Debug|x86.Build.0 = Debug|Win32
		{1DA6BB69-4290-49A5-A903-CBAE8752BD54}.Release|Any CPU.ActiveCfg = Release|Win32
		{1DA6BB69-4290-49A5-A903-CBAE8752BD54}.Release|ARM.ActiveCfg = Release|Win32
		{1DA6BB69-4290-49A5-A903-CBAE8752BD54}.Release|ARM64.ActiveCfg = Release|Win32
		{1DA6BB69-4290-49A5-A903-CBAE8752BD54}.Release|Mixed Platforms.ActiveCfg = Release|Win32
		{1DA6BB69-4290-49A5-A903-CBAE8752BD54}.Release|Mixed Platforms.Build.0 = Release|Win32
		{1DA6BB69-4290-49A5-A903-CBAE8752BD54}.Release|Win32.ActiveCfg = Release|Win32
		{1DA6BB69-4290-49A5-A903-CBAE8752BD54}.Release|Win32.Build.0 = Release|Win32
		{1DA6BB69-4290-49A5-A903-CBAE8752BD54}.Release|x64.ActiveCfg = Release|x64
		{1DA6BB69-4290-49A5-A903-CBAE8752BD54}.Release|x64.Build.0 = Release|x64
		{1DA6BB69-4290-49A5-A903-CBAE8752BD54}.Release|x86.ActiveCfg = Release|Win32
		{1DA6BB69-4290-49A5-A903-CBAE8752BD54}.Release|x86.Build.0 = Release|Win32
		{32295E65-DCE1-409D-86E0-F444295DB481}.Debug|Any CPU.ActiveCfg = Debug|Any CPU
		{32295E65-DCE1-409D-86E0-F444295DB481}.Debug|Any CPU.Build.0 = Debug|Any CPU
		{32295E65-DCE1-409D-86E0-F444295DB481}.Debug|ARM.ActiveCfg = Debug|Any CPU
		{32295E65-DCE1-409D-86E0-F444295DB481}.Debug|ARM64.ActiveCfg = Debug|Any CPU
		{32295E65-DCE1-409D-86E0-F444295DB481}.Debug|ARM64.Build.0 = Debug|Any CPU
		{32295E65-DCE1-409D-86E0-F444295DB481}.Debug|Mixed Platforms.ActiveCfg = Debug|x86
		{32295E65-DCE1-409D-86E0-F444295DB481}.Debug|Mixed Platforms.Build.0 = Debug|x86
		{32295E65-DCE1-409D-86E0-F444295DB481}.Debug|Win32.ActiveCfg = Debug|x86
		{32295E65-DCE1-409D-86E0-F444295DB481}.Debug|Win32.Build.0 = Debug|x86
		{32295E65-DCE1-409D-86E0-F444295DB481}.Debug|x64.ActiveCfg = Debug|x64
		{32295E65-DCE1-409D-86E0-F444295DB481}.Debug|x64.Build.0 = Debug|x64
		{32295E65-DCE1-409D-86E0-F444295DB481}.Debug|x86.ActiveCfg = Debug|x86
		{32295E65-DCE1-409D-86E0-F444295DB481}.Debug|x86.Build.0 = Debug|x86
		{32295E65-DCE1-409D-86E0-F444295DB481}.Release|Any CPU.ActiveCfg = Release|Any CPU
		{32295E65-DCE1-409D-86E0-F444295DB481}.Release|Any CPU.Build.0 = Release|Any CPU
		{32295E65-DCE1-409D-86E0-F444295DB481}.Release|ARM.ActiveCfg = Release|Any CPU
		{32295E65-DCE1-409D-86E0-F444295DB481}.Release|ARM64.ActiveCfg = Release|Any CPU
		{32295E65-DCE1-409D-86E0-F444295DB481}.Release|ARM64.Build.0 = Release|Any CPU
		{32295E65-DCE1-409D-86E0-F444295DB481}.Release|Mixed Platforms.ActiveCfg = Release|x86
		{32295E65-DCE1-409D-86E0-F444295DB481}.Release|Mixed Platforms.Build.0 = Release|x86
		{32295E65-DCE1-409D-86E0-F444295DB481}.Release|Win32.ActiveCfg = Release|x86
		{32295E65-DCE1-409D-86E0-F444295DB481}.Release|Win32.Build.0 = Release|x86
		{32295E65-DCE1-409D-86E0-F444295DB481}.Release|x64.ActiveCfg = Release|x64
		{32295E65-DCE1-409D-86E0-F444295DB481}.Release|x64.Build.0 = Release|x64
		{32295E65-DCE1-409D-86E0-F444295DB481}.Release|x86.ActiveCfg = Release|x86
		{32295E65-DCE1-409D-86E0-F444295DB481}.Release|x86.Build.0 = Release|x86
		{56C3B21C-5DF0-4002-AAE2-536F69594619}.Debug|Any CPU.ActiveCfg = Debug|Win32
		{56C3B21C-5DF0-4002-AAE2-536F69594619}.Debug|ARM.ActiveCfg = Debug|Win32
		{56C3B21C-5DF0-4002-AAE2-536F69594619}.Debug|ARM64.ActiveCfg = Debug|Win32
		{56C3B21C-5DF0-4002-AAE2-536F69594619}.Debug|Mixed Platforms.ActiveCfg = Debug|Win32
		{56C3B21C-5DF0-4002-AAE2-536F69594619}.Debug|Mixed Platforms.Build.0 = Debug|Win32
		{56C3B21C-5DF0-4002-AAE2-536F69594619}.Debug|Win32.ActiveCfg = Debug|Win32
		{56C3B21C-5DF0-4002-AAE2-536F69594619}.Debug|Win32.Build.0 = Debug|Win32
		{56C3B21C-5DF0-4002-AAE2-536F69594619}.Debug|x64.ActiveCfg = Debug|x64
		{56C3B21C-5DF0-4002-AAE2-536F69594619}.Debug|x64.Build.0 = Debug|x64
		{56C3B21C-5DF0-4002-AAE2-536F69594619}.Debug|x86.ActiveCfg = Debug|Win32
		{56C3B21C-5DF0-4002-AAE2-536F69594619}.Debug|x86.Build.0 = Debug|Win32
		{56C3B21C-5DF0-4002-AAE2-536F69594619}.Release|Any CPU.ActiveCfg = Release|Win32
		{56C3B21C-5DF0-4002-AAE2-536F69594619}.Release|ARM.ActiveCfg = Release|Win32
		{56C3B21C-5DF0-4002-AAE2-536F69594619}.Release|ARM64.ActiveCfg = Release|Win32
		{56C3B21C-5DF0-4002-AAE2-536F69594619}.Release|Mixed Platforms.ActiveCfg = Release|Win32
		{56C3B21C-5DF0-4002-AAE2-536F69594619}.Release|Mixed Platforms.Build.0 = Release|Win32
		{56C3B21C-5DF0-4002-AAE2-536F69594619}.Release|Win32.ActiveCfg = Release|Win32
		{56C3B21C-5DF0-4002-AAE2-536F69594619}.Release|Win32.Build.0 = Release|Win32
		{56C3B21C-5DF0-4002-AAE2-536F69594619}.Release|x64.ActiveCfg = Release|Win32
		{56C3B21C-5DF0-4002-AAE2-536F69594619}.Release|x86.ActiveCfg = Release|Win32
		{56C3B21C-5DF0-4002-AAE2-536F69594619}.Release|x86.Build.0 = Release|Win32
		{D547C13F-5819-49DA-8EE6-E64881B219C4}.Debug|Any CPU.ActiveCfg = Debug|Win32
		{D547C13F-5819-49DA-8EE6-E64881B219C4}.Debug|ARM.ActiveCfg = Debug|Win32
		{D547C13F-5819-49DA-8EE6-E64881B219C4}.Debug|ARM64.ActiveCfg = Debug|Win32
		{D547C13F-5819-49DA-8EE6-E64881B219C4}.Debug|Mixed Platforms.ActiveCfg = Debug|Win32
		{D547C13F-5819-49DA-8EE6-E64881B219C4}.Debug|Mixed Platforms.Build.0 = Debug|Win32
		{D547C13F-5819-49DA-8EE6-E64881B219C4}.Debug|Win32.ActiveCfg = Debug|Win32
		{D547C13F-5819-49DA-8EE6-E64881B219C4}.Debug|Win32.Build.0 = Debug|Win32
		{D547C13F-5819-49DA-8EE6-E64881B219C4}.Debug|x64.ActiveCfg = Debug|x64
		{D547C13F-5819-49DA-8EE6-E64881B219C4}.Debug|x64.Build.0 = Debug|x64
		{D547C13F-5819-49DA-8EE6-E64881B219C4}.Debug|x86.ActiveCfg = Debug|Win32
		{D547C13F-5819-49DA-8EE6-E64881B219C4}.Debug|x86.Build.0 = Debug|Win32
		{D547C13F-5819-49DA-8EE6-E64881B219C4}.Release|Any CPU.ActiveCfg = Release|Win32
		{D547C13F-5819-49DA-8EE6-E64881B219C4}.Release|ARM.ActiveCfg = Release|Win32
		{D547C13F-5819-49DA-8EE6-E64881B219C4}.Release|ARM64.ActiveCfg = Release|Win32
		{D547C13F-5819-49DA-8EE6-E64881B219C4}.Release|Mixed Platforms.ActiveCfg = Release|Win32
		{D547C13F-5819-49DA-8EE6-E64881B219C4}.Release|Mixed Platforms.Build.0 = Release|Win32
		{D547C13F-5819-49DA-8EE6-E64881B219C4}.Release|Win32.ActiveCfg = Release|Win32
		{D547C13F-5819-49DA-8EE6-E64881B219C4}.Release|Win32.Build.0 = Release|Win32
		{D547C13F-5819-49DA-8EE6-E64881B219C4}.Release|x64.ActiveCfg = Release|Win32
		{D547C13F-5819-49DA-8EE6-E64881B219C4}.Release|x86.ActiveCfg = Release|Win32
		{D547C13F-5819-49DA-8EE6-E64881B219C4}.Release|x86.Build.0 = Release|Win32
		{4BE652F2-98DE-4E02-8BB2-0893C8E01913}.Debug|Any CPU.ActiveCfg = Debug|Win32
		{4BE652F2-98DE-4E02-8BB2-0893C8E01913}.Debug|ARM.ActiveCfg = Debug|Win32
		{4BE652F2-98DE-4E02-8BB2-0893C8E01913}.Debug|ARM64.ActiveCfg = Debug|Win32
		{4BE652F2-98DE-4E02-8BB2-0893C8E01913}.Debug|Mixed Platforms.ActiveCfg = Debug|Win32
		{4BE652F2-98DE-4E02-8BB2-0893C8E01913}.Debug|Mixed Platforms.Build.0 = Debug|Win32
		{4BE652F2-98DE-4E02-8BB2-0893C8E01913}.Debug|Win32.ActiveCfg = Debug|Win32
		{4BE652F2-98DE-4E02-8BB2-0893C8E01913}.Debug|Win32.Build.0 = Debug|Win32
		{4BE652F2-98DE-4E02-8BB2-0893C8E01913}.Debug|x64.ActiveCfg = Debug|x64
		{4BE652F2-98DE-4E02-8BB2-0893C8E01913}.Debug|x64.Build.0 = Debug|x64
		{4BE652F2-98DE-4E02-8BB2-0893C8E01913}.Debug|x86.ActiveCfg = Debug|Win32
		{4BE652F2-98DE-4E02-8BB2-0893C8E01913}.Debug|x86.Build.0 = Debug|Win32
		{4BE652F2-98DE-4E02-8BB2-0893C8E01913}.Release|Any CPU.ActiveCfg = Release|Win32
		{4BE652F2-98DE-4E02-8BB2-0893C8E01913}.Release|ARM.ActiveCfg = Release|Win32
		{4BE652F2-98DE-4E02-8BB2-0893C8E01913}.Release|ARM64.ActiveCfg = Release|Win32
		{4BE652F2-98DE-4E02-8BB2-0893C8E01913}.Release|Mixed Platforms.ActiveCfg = Release|Win32
		{4BE652F2-98DE-4E02-8BB2-0893C8E01913}.Release|Mixed Platforms.Build.0 = Release|Win32
		{4BE652F2-98DE-4E02-8BB2-0893C8E01913}.Release|Win32.ActiveCfg = Release|Win32
		{4BE652F2-98DE-4E02-8BB2-0893C8E01913}.Release|Win32.Build.0 = Release|Win32
		{4BE652F2-98DE-4E02-8BB2-0893C8E01913}.Release|x64.ActiveCfg = Release|Win32
		{4BE652F2-98DE-4E02-8BB2-0893C8E01913}.Release|x86.ActiveCfg = Release|Win32
		{4BE652F2-98DE-4E02-8BB2-0893C8E01913}.Release|x86.Build.0 = Release|Win32
		{B20F3AF0-06E4-4946-A1A4-1B2BD56F2372}.Debug|Any CPU.ActiveCfg = Debug|Win32
		{B20F3AF0-06E4-4946-A1A4-1B2BD56F2372}.Debug|ARM.ActiveCfg = Debug|Win32
		{B20F3AF0-06E4-4946-A1A4-1B2BD56F2372}.Debug|ARM64.ActiveCfg = Debug|Win32
		{B20F3AF0-06E4-4946-A1A4-1B2BD56F2372}.Debug|Mixed Platforms.ActiveCfg = Debug|Win32
		{B20F3AF0-06E4-4946-A1A4-1B2BD56F2372}.Debug|Mixed Platforms.Build.0 = Debug|Win32
		{B20F3AF0-06E4-4946-A1A4-1B2BD56F2372}.Debug|Win32.ActiveCfg = Debug|Win32
		{B20F3AF0-06E4-4946-A1A4-1B2BD56F2372}.Debug|Win32.Build.0 = Debug|Win32
		{B20F3AF0-06E4-4946-A1A4-1B2BD56F2372}.Debug|x64.ActiveCfg = Debug|x64
		{B20F3AF0-06E4-4946-A1A4-1B2BD56F2372}.Debug|x64.Build.0 = Debug|x64
		{B20F3AF0-06E4-4946-A1A4-1B2BD56F2372}.Debug|x86.ActiveCfg = Debug|Win32
		{B20F3AF0-06E4-4946-A1A4-1B2BD56F2372}.Debug|x86.Build.0 = Debug|Win32
		{B20F3AF0-06E4-4946-A1A4-1B2BD56F2372}.Release|Any CPU.ActiveCfg = Release|Win32
		{B20F3AF0-06E4-4946-A1A4-1B2BD56F2372}.Release|ARM.ActiveCfg = Release|Win32
		{B20F3AF0-06E4-4946-A1A4-1B2BD56F2372}.Release|ARM64.ActiveCfg = Release|Win32
		{B20F3AF0-06E4-4946-A1A4-1B2BD56F2372}.Release|Mixed Platforms.ActiveCfg = Release|Win32
		{B20F3AF0-06E4-4946-A1A4-1B2BD56F2372}.Release|Mixed Platforms.Build.0 = Release|Win32
		{B20F3AF0-06E4-4946-A1A4-1B2BD56F2372}.Release|Win32.ActiveCfg = Release|Win32
		{B20F3AF0-06E4-4946-A1A4-1B2BD56F2372}.Release|Win32.Build.0 = Release|Win32
		{B20F3AF0-06E4-4946-A1A4-1B2BD56F2372}.Release|x64.ActiveCfg = Release|x64
		{B20F3AF0-06E4-4946-A1A4-1B2BD56F2372}.Release|x64.Build.0 = Release|x64
		{B20F3AF0-06E4-4946-A1A4-1B2BD56F2372}.Release|x86.ActiveCfg = Release|Win32
		{B20F3AF0-06E4-4946-A1A4-1B2BD56F2372}.Release|x86.Build.0 = Release|Win32
		{1E1330B4-9AB1-43E9-AE59-538E8152C05D}.Debug|Any CPU.ActiveCfg = Debug|x86
		{1E1330B4-9AB1-43E9-AE59-538E8152C05D}.Debug|ARM.ActiveCfg = Debug|ARM
		{1E1330B4-9AB1-43E9-AE59-538E8152C05D}.Debug|ARM.Build.0 = Debug|ARM
		{1E1330B4-9AB1-43E9-AE59-538E8152C05D}.Debug|ARM.Deploy.0 = Debug|ARM
		{1E1330B4-9AB1-43E9-AE59-538E8152C05D}.Debug|ARM64.ActiveCfg = Debug|ARM64
		{1E1330B4-9AB1-43E9-AE59-538E8152C05D}.Debug|ARM64.Build.0 = Debug|ARM64
		{1E1330B4-9AB1-43E9-AE59-538E8152C05D}.Debug|ARM64.Deploy.0 = Debug|ARM64
		{1E1330B4-9AB1-43E9-AE59-538E8152C05D}.Debug|Mixed Platforms.ActiveCfg = Debug|x86
		{1E1330B4-9AB1-43E9-AE59-538E8152C05D}.Debug|Mixed Platforms.Build.0 = Debug|x86
		{1E1330B4-9AB1-43E9-AE59-538E8152C05D}.Debug|Mixed Platforms.Deploy.0 = Debug|x86
		{1E1330B4-9AB1-43E9-AE59-538E8152C05D}.Debug|Win32.ActiveCfg = Debug|x86
		{1E1330B4-9AB1-43E9-AE59-538E8152C05D}.Debug|Win32.Build.0 = Debug|x86
		{1E1330B4-9AB1-43E9-AE59-538E8152C05D}.Debug|Win32.Deploy.0 = Debug|x86
		{1E1330B4-9AB1-43E9-AE59-538E8152C05D}.Debug|x64.ActiveCfg = Debug|x64
		{1E1330B4-9AB1-43E9-AE59-538E8152C05D}.Debug|x64.Build.0 = Debug|x64
		{1E1330B4-9AB1-43E9-AE59-538E8152C05D}.Debug|x64.Deploy.0 = Debug|x64
		{1E1330B4-9AB1-43E9-AE59-538E8152C05D}.Debug|x86.ActiveCfg = Debug|x86
		{1E1330B4-9AB1-43E9-AE59-538E8152C05D}.Debug|x86.Build.0 = Debug|x86
		{1E1330B4-9AB1-43E9-AE59-538E8152C05D}.Debug|x86.Deploy.0 = Debug|x86
		{1E1330B4-9AB1-43E9-AE59-538E8152C05D}.Release|Any CPU.ActiveCfg = Release|x86
		{1E1330B4-9AB1-43E9-AE59-538E8152C05D}.Release|ARM.ActiveCfg = Release|ARM
		{1E1330B4-9AB1-43E9-AE59-538E8152C05D}.Release|ARM.Build.0 = Release|ARM
		{1E1330B4-9AB1-43E9-AE59-538E8152C05D}.Release|ARM.Deploy.0 = Release|ARM
		{1E1330B4-9AB1-43E9-AE59-538E8152C05D}.Release|ARM64.ActiveCfg = Release|ARM64
		{1E1330B4-9AB1-43E9-AE59-538E8152C05D}.Release|ARM64.Build.0 = Release|ARM64
		{1E1330B4-9AB1-43E9-AE59-538E8152C05D}.Release|ARM64.Deploy.0 = Release|ARM64
		{1E1330B4-9AB1-43E9-AE59-538E8152C05D}.Release|Mixed Platforms.ActiveCfg = Release|x86
		{1E1330B4-9AB1-43E9-AE59-538E8152C05D}.Release|Mixed Platforms.Build.0 = Release|x86
		{1E1330B4-9AB1-43E9-AE59-538E8152C05D}.Release|Mixed Platforms.Deploy.0 = Release|x86
		{1E1330B4-9AB1-43E9-AE59-538E8152C05D}.Release|Win32.ActiveCfg = Release|x86
		{1E1330B4-9AB1-43E9-AE59-538E8152C05D}.Release|Win32.Build.0 = Release|x86
		{1E1330B4-9AB1-43E9-AE59-538E8152C05D}.Release|Win32.Deploy.0 = Release|x86
		{1E1330B4-9AB1-43E9-AE59-538E8152C05D}.Release|x64.ActiveCfg = Release|x64
		{1E1330B4-9AB1-43E9-AE59-538E8152C05D}.Release|x64.Build.0 = Release|x64
		{1E1330B4-9AB1-43E9-AE59-538E8152C05D}.Release|x64.Deploy.0 = Release|x64
		{1E1330B4-9AB1-43E9-AE59-538E8152C05D}.Release|x86.ActiveCfg = Release|x86
		{1E1330B4-9AB1-43E9-AE59-538E8152C05D}.Release|x86.Build.0 = Release|x86
		{1E1330B4-9AB1-43E9-AE59-538E8152C05D}.Release|x86.Deploy.0 = Release|x86
		{35F255C5-F3E3-4DF7-9B18-64BD4D29B7D5}.Debug|Any CPU.ActiveCfg = Debug|Win32
		{35F255C5-F3E3-4DF7-9B18-64BD4D29B7D5}.Debug|ARM.ActiveCfg = Debug|ARM
		{35F255C5-F3E3-4DF7-9B18-64BD4D29B7D5}.Debug|ARM.Build.0 = Debug|ARM
		{35F255C5-F3E3-4DF7-9B18-64BD4D29B7D5}.Debug|ARM64.ActiveCfg = Debug|ARM64
		{35F255C5-F3E3-4DF7-9B18-64BD4D29B7D5}.Debug|ARM64.Build.0 = Debug|ARM64
		{35F255C5-F3E3-4DF7-9B18-64BD4D29B7D5}.Debug|Mixed Platforms.ActiveCfg = Debug|Win32
		{35F255C5-F3E3-4DF7-9B18-64BD4D29B7D5}.Debug|Mixed Platforms.Build.0 = Debug|Win32
		{35F255C5-F3E3-4DF7-9B18-64BD4D29B7D5}.Debug|Win32.ActiveCfg = Debug|Win32
		{35F255C5-F3E3-4DF7-9B18-64BD4D29B7D5}.Debug|Win32.Build.0 = Debug|Win32
		{35F255C5-F3E3-4DF7-9B18-64BD4D29B7D5}.Debug|x64.ActiveCfg = Debug|x64
		{35F255C5-F3E3-4DF7-9B18-64BD4D29B7D5}.Debug|x64.Build.0 = Debug|x64
		{35F255C5-F3E3-4DF7-9B18-64BD4D29B7D5}.Debug|x86.ActiveCfg = Debug|Win32
		{35F255C5-F3E3-4DF7-9B18-64BD4D29B7D5}.Debug|x86.Build.0 = Debug|Win32
		{35F255C5-F3E3-4DF7-9B18-64BD4D29B7D5}.Release|Any CPU.ActiveCfg = Release|Win32
		{35F255C5-F3E3-4DF7-9B18-64BD4D29B7D5}.Release|ARM.ActiveCfg = Release|ARM
		{35F255C5-F3E3-4DF7-9B18-64BD4D29B7D5}.Release|ARM.Build.0 = Release|ARM
		{35F255C5-F3E3-4DF7-9B18-64BD4D29B7D5}.Release|ARM64.ActiveCfg = Release|ARM64
		{35F255C5-F3E3-4DF7-9B18-64BD4D29B7D5}.Release|ARM64.Build.0 = Release|ARM64
		{35F255C5-F3E3-4DF7-9B18-64BD4D29B7D5}.Release|Mixed Platforms.ActiveCfg = Release|Win32
		{35F255C5-F3E3-4DF7-9B18-64BD4D29B7D5}.Release|Mixed Platforms.Build.0 = Release|Win32
		{35F255C5-F3E3-4DF7-9B18-64BD4D29B7D5}.Release|Win32.ActiveCfg = Release|Win32
		{35F255C5-F3E3-4DF7-9B18-64BD4D29B7D5}.Release|Win32.Build.0 = Release|Win32
		{35F255C5-F3E3-4DF7-9B18-64BD4D29B7D5}.Release|x64.ActiveCfg = Release|x64
		{35F255C5-F3E3-4DF7-9B18-64BD4D29B7D5}.Release|x64.Build.0 = Release|x64
		{35F255C5-F3E3-4DF7-9B18-64BD4D29B7D5}.Release|x86.ActiveCfg = Release|Win32
		{35F255C5-F3E3-4DF7-9B18-64BD4D29B7D5}.Release|x86.Build.0 = Release|Win32
		{9B5EB8A6-8C08-42F6-9AC9-AC22F279E240}.Debug|Any CPU.ActiveCfg = Debug|Win32
		{9B5EB8A6-8C08-42F6-9AC9-AC22F279E240}.Debug|ARM.ActiveCfg = Debug|ARM
		{9B5EB8A6-8C08-42F6-9AC9-AC22F279E240}.Debug|ARM.Build.0 = Debug|ARM
		{9B5EB8A6-8C08-42F6-9AC9-AC22F279E240}.Debug|ARM64.ActiveCfg = Debug|Win32
		{9B5EB8A6-8C08-42F6-9AC9-AC22F279E240}.Debug|Mixed Platforms.ActiveCfg = Debug|Win32
		{9B5EB8A6-8C08-42F6-9AC9-AC22F279E240}.Debug|Mixed Platforms.Build.0 = Debug|Win32
		{9B5EB8A6-8C08-42F6-9AC9-AC22F279E240}.Debug|Win32.ActiveCfg = Debug|Win32
		{9B5EB8A6-8C08-42F6-9AC9-AC22F279E240}.Debug|Win32.Build.0 = Debug|Win32
		{9B5EB8A6-8C08-42F6-9AC9-AC22F279E240}.Debug|x64.ActiveCfg = Debug|x64
		{9B5EB8A6-8C08-42F6-9AC9-AC22F279E240}.Debug|x64.Build.0 = Debug|x64
		{9B5EB8A6-8C08-42F6-9AC9-AC22F279E240}.Debug|x86.ActiveCfg = Debug|Win32
		{9B5EB8A6-8C08-42F6-9AC9-AC22F279E240}.Debug|x86.Build.0 = Debug|Win32
		{9B5EB8A6-8C08-42F6-9AC9-AC22F279E240}.Release|Any CPU.ActiveCfg = Release|Win32
		{9B5EB8A6-8C08-42F6-9AC9-AC22F279E240}.Release|ARM.ActiveCfg = Release|ARM
		{9B5EB8A6-8C08-42F6-9AC9-AC22F279E240}.Release|ARM.Build.0 = Release|ARM
		{9B5EB8A6-8C08-42F6-9AC9-AC22F279E240}.Release|ARM64.ActiveCfg = Release|Win32
		{9B5EB8A6-8C08-42F6-9AC9-AC22F279E240}.Release|Mixed Platforms.ActiveCfg = Release|Win32
		{9B5EB8A6-8C08-42F6-9AC9-AC22F279E240}.Release|Mixed Platforms.Build.0 = Release|Win32
		{9B5EB8A6-8C08-42F6-9AC9-AC22F279E240}.Release|Win32.ActiveCfg = Release|Win32
		{9B5EB8A6-8C08-42F6-9AC9-AC22F279E240}.Release|Win32.Build.0 = Release|Win32
		{9B5EB8A6-8C08-42F6-9AC9-AC22F279E240}.Release|x64.ActiveCfg = Release|x64
		{9B5EB8A6-8C08-42F6-9AC9-AC22F279E240}.Release|x64.Build.0 = Release|x64
		{9B5EB8A6-8C08-42F6-9AC9-AC22F279E240}.Release|x86.ActiveCfg = Release|Win32
		{9B5EB8A6-8C08-42F6-9AC9-AC22F279E240}.Release|x86.Build.0 = Release|Win32
	EndGlobalSection
	GlobalSection(SolutionProperties) = preSolution
		HideSolutionNode = FALSE
	EndGlobalSection
	GlobalSection(NestedProjects) = preSolution
		{1DA6BB69-4290-49A5-A903-CBAE8752BD54} = {C59FDA7E-5BE6-4122-BB6A-D5F3CDA308F9}
		{32295E65-DCE1-409D-86E0-F444295DB481} = {C59FDA7E-5BE6-4122-BB6A-D5F3CDA308F9}
		{1E1330B4-9AB1-43E9-AE59-538E8152C05D} = {C59FDA7E-5BE6-4122-BB6A-D5F3CDA308F9}
		{35F255C5-F3E3-4DF7-9B18-64BD4D29B7D5} = {C59FDA7E-5BE6-4122-BB6A-D5F3CDA308F9}
		{9B5EB8A6-8C08-42F6-9AC9-AC22F279E240} = {C59FDA7E-5BE6-4122-BB6A-D5F3CDA308F9}
	EndGlobalSection
	GlobalSection(ExtensibilityGlobals) = postSolution
		SolutionGuid = {EDB5D021-79EC-4296-A330-A8D84B62FD57}
	EndGlobalSection
EndGlobal
