
Microsoft Visual Studio Solution File, Format Version 12.00
# Visual Studio 2013
VisualStudioVersion = 12.0.31101.0
MinimumVisualStudioVersion = 10.0.40219.1
Project("{8BC9CEB8-8B4A-11D0-8D11-00A0C91BC942}") = "Tempest.NET", "Tempest.NET\Tempest.NET.vcxproj", "{1DA6BB69-4290-49A5-A903-CBAE8752BD54}"
EndProject
Project("{FAE04EC0-301F-11D3-BF4B-00C04F79EFBC}") = "TempestWpf", "TempestWpf\TempestWpf.csproj", "{32295E65-DCE1-409D-86E0-F444295DB481}"
EndProject
Project("{8BC9CEB8-8B4A-11D0-8D11-00A0C91BC942}") = "TempestCPU", "TempestCPU\TempestCPU.vcxproj", "{A95EB6BB-84A8-4474-913F-D01D9FB77D24}"
EndProject
Project("{8BC9CEB8-8B4A-11D0-8D11-00A0C91BC942}") = "TempestIO", "TempestIO\TempestIO.vcxproj", "{DB91AA41-E33E-4FA3-A901-50DAADB164D8}"
EndProject
Global
	GlobalSection(SolutionConfigurationPlatforms) = preSolution
		Debug|Any CPU = Debug|Any CPU
		Debug|ARM = Debug|ARM
		Debug|Mixed Platforms = Debug|Mixed Platforms
		Debug|Win32 = Debug|Win32
		Debug|x64 = Debug|x64
		Debug|x86 = Debug|x86
		Release|Any CPU = Release|Any CPU
		Release|ARM = Release|ARM
		Release|Mixed Platforms = Release|Mixed Platforms
		Release|Win32 = Release|Win32
		Release|x64 = Release|x64
		Release|x86 = Release|x86
	EndGlobalSection
	GlobalSection(ProjectConfigurationPlatforms) = postSolution
		{1DA6BB69-4290-49A5-A903-CBAE8752BD54}.Debug|Any CPU.ActiveCfg = Debug|Win32
		{1DA6BB69-4290-49A5-A903-CBAE8752BD54}.Debug|ARM.ActiveCfg = Debug|Win32
		{1DA6BB69-4290-49A5-A903-CBAE8752BD54}.Debug|Mixed Platforms.ActiveCfg = Debug|Win32
		{1DA6BB69-4290-49A5-A903-CBAE8752BD54}.Debug|Mixed Platforms.Build.0 = Debug|Win32
		{1DA6BB69-4290-49A5-A903-CBAE8752BD54}.Debug|Win32.ActiveCfg = Debug|Win32
		{1DA6BB69-4290-49A5-A903-CBAE8752BD54}.Debug|Win32.Build.0 = Debug|Win32
		{1DA6BB69-4290-49A5-A903-CBAE8752BD54}.Debug|x64.ActiveCfg = Debug|x64
		{1DA6BB69-4290-49A5-A903-CBAE8752BD54}.Debug|x64.Build.0 = Debug|x64
		{1DA6BB69-4290-49A5-A903-CBAE8752BD54}.Debug|x86.ActiveCfg = Debug|Win32
		{1DA6BB69-4290-49A5-A903-CBAE8752BD54}.Debug|x86.Build.0 = Debug|Win32
		{1DA6BB69-4290-49A5-A903-CBAE8752BD54}.Release|Any CPU.ActiveCfg = Release|Win32
		{1DA6BB69-4290-49A5-A903-CBAE8752BD54}.Release|ARM.ActiveCfg = Release|Win32
		{1DA6BB69-4290-49A5-A903-CBAE8752BD54}.Release|Mixed Platforms.ActiveCfg = Release|Win32
		{1DA6BB69-4290-49A5-A903-CBAE8752BD54}.Release|Mixed Platforms.Build.0 = Release|Win32
		{1DA6BB69-4290-49A5-A903-CBAE8752BD54}.Release|Win32.ActiveCfg = Release|Win32
		{1DA6BB69-4290-49A5-A903-CBAE8752BD54}.Release|Win32.Build.0 = Release|Win32
		{1DA6BB69-4290-49A5-A903-CBAE8752BD54}.Release|x64.ActiveCfg = Release|x64
		{1DA6BB69-4290-49A5-A903-CBAE8752BD54}.Release|x64.Build.0 = Release|x64
		{1DA6BB69-4290-49A5-A903-CBAE8752BD54}.Release|x86.ActiveCfg = Release|Win32
		{1DA6BB69-4290-49A5-A903-CBAE8752BD54}.Release|x86.Build.0 = Release|Win32
		{32295E65-DCE1-409D-86E0-F444295DB481}.Debug|Any CPU.ActiveCfg = Debug|Any CPU
		{32295E65-DCE1-409D-86E0-F444295DB481}.Debug|Any CPU.Build.0 = Debug|Any CPU
		{32295E65-DCE1-409D-86E0-F444295DB481}.Debug|ARM.ActiveCfg = Debug|Any CPU
		{32295E65-DCE1-409D-86E0-F444295DB481}.Debug|Mixed Platforms.ActiveCfg = Debug|Any CPU
		{32295E65-DCE1-409D-86E0-F444295DB481}.Debug|Mixed Platforms.Build.0 = Debug|Any CPU
		{32295E65-DCE1-409D-86E0-F444295DB481}.Debug|Win32.ActiveCfg = Debug|Any CPU
		{32295E65-DCE1-409D-86E0-F444295DB481}.Debug|x64.ActiveCfg = Debug|x64
		{32295E65-DCE1-409D-86E0-F444295DB481}.Debug|x64.Build.0 = Debug|x64
		{32295E65-DCE1-409D-86E0-F444295DB481}.Debug|x86.ActiveCfg = Debug|x86
		{32295E65-DCE1-409D-86E0-F444295DB481}.Debug|x86.Build.0 = Debug|x86
		{32295E65-DCE1-409D-86E0-F444295DB481}.Release|Any CPU.ActiveCfg = Release|Any CPU
		{32295E65-DCE1-409D-86E0-F444295DB481}.Release|Any CPU.Build.0 = Release|Any CPU
		{32295E65-DCE1-409D-86E0-F444295DB481}.Release|ARM.ActiveCfg = Release|Any CPU
		{32295E65-DCE1-409D-86E0-F444295DB481}.Release|Mixed Platforms.ActiveCfg = Release|Any CPU
		{32295E65-DCE1-409D-86E0-F444295DB481}.Release|Mixed Platforms.Build.0 = Release|Any CPU
		{32295E65-DCE1-409D-86E0-F444295DB481}.Release|Win32.ActiveCfg = Release|Any CPU
		{32295E65-DCE1-409D-86E0-F444295DB481}.Release|x64.ActiveCfg = Release|x64
		{32295E65-DCE1-409D-86E0-F444295DB481}.Release|x64.Build.0 = Release|x64
		{32295E65-DCE1-409D-86E0-F444295DB481}.Release|x86.ActiveCfg = Release|x86
		{32295E65-DCE1-409D-86E0-F444295DB481}.Release|x86.Build.0 = Release|x86
		{A95EB6BB-84A8-4474-913F-D01D9FB77D24}.Debug|Any CPU.ActiveCfg = Debug|Win32
		{A95EB6BB-84A8-4474-913F-D01D9FB77D24}.Debug|ARM.ActiveCfg = Debug|Win32
		{A95EB6BB-84A8-4474-913F-D01D9FB77D24}.Debug|Mixed Platforms.ActiveCfg = Debug|Win32
		{A95EB6BB-84A8-4474-913F-D01D9FB77D24}.Debug|Mixed Platforms.Build.0 = Debug|Win32
		{A95EB6BB-84A8-4474-913F-D01D9FB77D24}.Debug|Win32.ActiveCfg = Debug|Win32
		{A95EB6BB-84A8-4474-913F-D01D9FB77D24}.Debug|Win32.Build.0 = Debug|Win32
		{A95EB6BB-84A8-4474-913F-D01D9FB77D24}.Debug|x64.ActiveCfg = Debug|x64
		{A95EB6BB-84A8-4474-913F-D01D9FB77D24}.Debug|x64.Build.0 = Debug|x64
		{A95EB6BB-84A8-4474-913F-D01D9FB77D24}.Debug|x86.ActiveCfg = Debug|Win32
		{A95EB6BB-84A8-4474-913F-D01D9FB77D24}.Debug|x86.Build.0 = Debug|Win32
		{A95EB6BB-84A8-4474-913F-D01D9FB77D24}.Release|Any CPU.ActiveCfg = Release|Win32
		{A95EB6BB-84A8-4474-913F-D01D9FB77D24}.Release|ARM.ActiveCfg = Release|Win32
		{A95EB6BB-84A8-4474-913F-D01D9FB77D24}.Release|Mixed Platforms.ActiveCfg = Release|Win32
		{A95EB6BB-84A8-4474-913F-D01D9FB77D24}.Release|Mixed Platforms.Build.0 = Release|Win32
		{A95EB6BB-84A8-4474-913F-D01D9FB77D24}.Release|Win32.ActiveCfg = Release|Win32
		{A95EB6BB-84A8-4474-913F-D01D9FB77D24}.Release|Win32.Build.0 = Release|Win32
		{A95EB6BB-84A8-4474-913F-D01D9FB77D24}.Release|x64.ActiveCfg = Release|x64
		{A95EB6BB-84A8-4474-913F-D01D9FB77D24}.Release|x64.Build.0 = Release|x64
		{A95EB6BB-84A8-4474-913F-D01D9FB77D24}.Release|x86.ActiveCfg = Release|Win32
		{A95EB6BB-84A8-4474-913F-D01D9FB77D24}.Release|x86.Build.0 = Release|Win32
		{DB91AA41-E33E-4FA3-A901-50DAADB164D8}.Debug|Any CPU.ActiveCfg = Debug|Win32
		{DB91AA41-E33E-4FA3-A901-50DAADB164D8}.Debug|ARM.ActiveCfg = Debug|Win32
		{DB91AA41-E33E-4FA3-A901-50DAADB164D8}.Debug|Mixed Platforms.ActiveCfg = Debug|Win32
		{DB91AA41-E33E-4FA3-A901-50DAADB164D8}.Debug|Mixed Platforms.Build.0 = Debug|Win32
		{DB91AA41-E33E-4FA3-A901-50DAADB164D8}.Debug|Win32.ActiveCfg = Debug|Win32
		{DB91AA41-E33E-4FA3-A901-50DAADB164D8}.Debug|Win32.Build.0 = Debug|Win32
		{DB91AA41-E33E-4FA3-A901-50DAADB164D8}.Debug|x64.ActiveCfg = Debug|x64
		{DB91AA41-E33E-4FA3-A901-50DAADB164D8}.Debug|x64.Build.0 = Debug|x64
		{DB91AA41-E33E-4FA3-A901-50DAADB164D8}.Debug|x86.ActiveCfg = Debug|Win32
		{DB91AA41-E33E-4FA3-A901-50DAADB164D8}.Debug|x86.Build.0 = Debug|Win32
		{DB91AA41-E33E-4FA3-A901-50DAADB164D8}.Release|Any CPU.ActiveCfg = Release|Win32
		{DB91AA41-E33E-4FA3-A901-50DAADB164D8}.Release|ARM.ActiveCfg = Release|Win32
		{DB91AA41-E33E-4FA3-A901-50DAADB164D8}.Release|Mixed Platforms.ActiveCfg = Release|Win32
		{DB91AA41-E33E-4FA3-A901-50DAADB164D8}.Release|Mixed Platforms.Build.0 = Release|Win32
		{DB91AA41-E33E-4FA3-A901-50DAADB164D8}.Release|Win32.ActiveCfg = Release|Win32
		{DB91AA41-E33E-4FA3-A901-50DAADB164D8}.Release|Win32.Build.0 = Release|Win32
		{DB91AA41-E33E-4FA3-A901-50DAADB164D8}.Release|x64.ActiveCfg = Release|x64
		{DB91AA41-E33E-4FA3-A901-50DAADB164D8}.Release|x64.Build.0 = Release|x64
		{DB91AA41-E33E-4FA3-A901-50DAADB164D8}.Release|x86.ActiveCfg = Release|Win32
		{DB91AA41-E33E-4FA3-A901-50DAADB164D8}.Release|x86.Build.0 = Release|Win32
	EndGlobalSection
	GlobalSection(SolutionProperties) = preSolution
		HideSolutionNode = FALSE
	EndGlobalSection
EndGlobal
