<?xml version="1.0" encoding="UTF-8" standalone="yes" ?>
<CodeBlocks_project_file>
	<FileVersion major="1" minor="6" />
	<Project>
		<Option title="TempestPi" />
		<Option pch_mode="2" />
		<Option compiler="gcc" />
		<Build>
			<Target title="Debug">
				<Option output="bin/Debug/TempestPi" prefix_auto="1" extension_auto="1" />
				<Option object_output="obj/Debug/" />
				<Option type="1" />
				<Option compiler="gcc" />
				<Compiler>
					<Add option="-g" />
					<Add directory="../.." />
					<Add directory="." />
					<Add directory="../../../RPiLib/opt/vc/include" />
					<Add directory="../../../RPiLib/opt/vc/include/interface/vcos/pthreads" />
					<Add directory="../../../RPiLib/opt/vc/include/interface/vmcs_host/linux" />
				</Compiler>
				<Linker>
					<Add library="pthread" />
					<Add library="libbcm_host" />
					<Add library="libEGL" />
					<Add library="libGLESv2" />
				</Linker>
			</Target>
			<Target title="Release">
				<Option output="bin/Release/TempestPi" prefix_auto="1" extension_auto="1" />
				<Option object_output="obj/Release/" />
				<Option type="1" />
				<Option compiler="gcc" />
				<Compiler>
					<Add option="-O2" />
				</Compiler>
				<Linker>
					<Add option="-s" />
				</Linker>
			</Target>
		</Build>
		<Compiler>
			<Add option="-Wall" />
			<Add option="-fexceptions" />
		</Compiler>
		<Linker>
			<Add directory="../../../RPiLib/opt/vc/lib" />
		</Linker>
		<Unit filename="PiScreen.cpp" />
		<Unit filename="TempestPiIO.cpp" />
		<Unit filename="main.cpp" />
		<Unit filename="../../TempestCPU/6502/CPU6502.cpp" />
		<Unit filename="../../TempestCPU/6502/CPU6502Exception.cpp" />
		<Unit filename="../../TempestCPU/6502/ProcessorStatusWord.cpp" />
		<Unit filename="../../TempestCPU/EEPROM.cpp" />
		<Unit filename="../../TempestCPU/MathBox/Am2901.cpp" />
		<Unit filename="../../TempestCPU/MathBox/Am2901Tables.cpp" />
		<Unit filename="../../TempestCPU/MathBox/MathBox.cpp" />
		<Unit filename="../../TempestCPU/Pokey.cpp" />
		<Unit filename="../../TempestCPU/TempestBus.cpp" />
		<Unit filename="../../TempestCPU/TempestException.cpp" />
		<Unit filename="../../TempestCPU/TempestROMS.cpp" />
		<Unit filename="../../TempestCPU/TempestRunner.cpp" />
		<Unit filename="../../TempestIO/Vector/SimpleVectorDataInterpreter.cpp" />
		<Unit filename="../../TempestIO/Vector/VectorData.cpp" />
		<Unit filename="../../TempestIO/Vector/VectorDataInterpreter.cpp" />
		<Extensions>
			<code_completion />
			<debugger />
		</Extensions>
	</Project>
</CodeBlocks_project_file>
