<?xml version="1.0" encoding="UTF-8" standalone="yes" ?>
<CodeBlocks_project_file>
	<FileVersion major="1" minor="6" />
	<Project>
		<Option title="TempestPi" />
		<Option pch_mode="2" />
		<Option compiler="gcc" />
		<Option virtualFolders="Sources/VectorGame/;" />
		<Build>
			<Target title="Debug">
				<Option output="bin/Debug/TempestPi" prefix_auto="1" extension_auto="1" />
				<Option object_output="obj/Debug/" />
				<Option type="1" />
				<Option compiler="gcc" />
				<Compiler>
					<Add option="-g" />
					<Add option="-DDEBUG" />
					<Add directory="../.." />
					<Add directory="." />
					<Add directory="../../../RPiLib/opt/vc/include" />
					<Add directory="../../../RPiLib/opt/vc/include/interface/vcos/pthreads" />
					<Add directory="../../../RPiLib/opt/vc/include/interface/vmcs_host/linux" />
					<Add directory="../../TempestIO" />
					<Add directory="../../TempestIO/Vector" />
					<Add directory="../../SQLite" />
					<Add directory="../../SQLite/SQLRR" />
					<Add directory="../../TempestCPU" />
					<Add directory="../../VectorGame" />
				</Compiler>
				<Linker>
					<Add option="-ldl" />
					<Add library="pthread" />
					<Add library="libbcm_host" />
					<Add library="libEGL" />
					<Add library="libGLESv2" />
					<Add library="librt" />
				</Linker>
			</Target>
			<Target title="Release">
				<Option output="bin/Release/TempestPi" prefix_auto="1" extension_auto="1" />
				<Option object_output="obj/Release/" />
				<Option type="1" />
				<Option compiler="gcc" />
				<Compiler>
					<Add option="-O2" />
					<Add directory="../.." />
					<Add directory="." />
					<Add directory="../../../RPiLib/opt/vc/include" />
					<Add directory="../../../RPiLib/opt/vc/include/interface/vcos/pthreads" />
					<Add directory="../../../RPiLib/opt/vc/include/interface/vmcs_host/linux" />
					<Add directory="../../TempestIO/Vector" />
					<Add directory="../../TempestIO" />
					<Add directory="../../SQLite/SQLRR" />
					<Add directory="../../SQLite" />
					<Add directory="../../TempestCPU" />
					<Add directory="../../VectorGame" />
					<Add directory="../../TempestCPU/6502" />
				</Compiler>
				<Linker>
					<Add option="-s" />
					<Add option="-ldl" />
					<Add library="pthread" />
					<Add library="libbcm_host" />
					<Add library="libEGL" />
					<Add library="libGLESv2" />
					<Add library="librt" />
					<Add directory="../../../RPiLib/opt/vc/lib" />
				</Linker>
			</Target>
		</Build>
		<Compiler>
			<Add option="-Wall" />
			<Add option="-fexceptions" />
			<Add option="-std=c++11" />
			<Add directory="../../AsteroidsCPU" />
		</Compiler>
		<Linker>
			<Add directory="../../../RPiLib/opt/vc/lib" />
		</Linker>
		<Unit filename="../../AsteroidsCPU/AsteroidsBus.cpp" />
		<Unit filename="../../AsteroidsCPU/AsteroidsGame.cpp" />
		<Unit filename="../../AsteroidsCPU/AsteroidsROMs.cpp" />
		<Unit filename="../../AsteroidsCPU/AsteroidsVectorInterpreter.cpp" />
		<Unit filename="PiScreen.cpp" />
		<Unit filename="PiSerialStream.cpp" />
		<Unit filename="PiSerialStream.h" />
		<Unit filename="TempestPi.cpp" />
		<Unit filename="TempestPi.h" />
		<Unit filename="TempestPiEnvironment.cpp" />
		<Unit filename="TempestPiEnvironment.h" />
		<Unit filename="TempestPiIO.cpp" />
		<Unit filename="TempestSocketListener.cpp" />
		<Unit filename="TempestSocketListener.h" />
		<Unit filename="main.cpp" />
		<Unit filename="stdafx.h" />
		<Unit filename="../../SQLite/SQLRR/SQLRRDB.cpp" />
		<Unit filename="../../SQLite/SQLRR/SQLRRException.cpp" />
		<Unit filename="../../SQLite/sqlite3.c">
			<Option compilerVar="CC" />
		</Unit>
		<Unit filename="../../SQLite/sqlite3.h" />
		<Unit filename="../../TempestCPU/6502/AbstractBus.cpp" />
		<Unit filename="../../TempestCPU/6502/AbstractBus.h" />
		<Unit filename="../../TempestCPU/6502/CPU6502.cpp" />
		<Unit filename="../../TempestCPU/6502/CPU6502Exception.cpp" />
		<Unit filename="../../TempestCPU/6502/CPU6502Runner.cpp" />
		<Unit filename="../../TempestCPU/6502/ProcessorStatusWord.cpp" />
		<Unit filename="../../TempestCPU/AbstractTempestEnvironment.h" />
		<Unit filename="../../TempestCPU/CommandLine.h" />
		<Unit filename="../../TempestCPU/EEPROM.cpp" />
		<Unit filename="../../TempestCPU/MathBox.cpp" />
		<Unit filename="../../TempestCPU/Pokey.cpp" />
		<Unit filename="../../TempestCPU/TempestBus.cpp" />
		<Unit filename="../../TempestCPU/TempestBus.h" />
		<Unit filename="../../TempestCPU/TempestGame.cpp" />
		<Unit filename="../../TempestCPU/TempestMemoryMap.h" />
		<Unit filename="../../TempestCPU/TempestROMS.cpp" />
		<Unit filename="../../TempestCPU/TempestRunner.h" />
		<Unit filename="../../TempestCPU/stdafx.h" />
		<Unit filename="../../TempestIO/AbstractSoundGenerator.cpp" />
		<Unit filename="../../TempestIO/AbstractTempestIO.h" />
		<Unit filename="../../TempestIO/PacketStream.cpp" />
		<Unit filename="../../TempestIO/SoundChannelState.cpp" />
		<Unit filename="../../TempestIO/SoundChannelState.h" />
		<Unit filename="../../TempestIO/SoundIOPacket.cpp" />
		<Unit filename="../../TempestIO/TempestDB.cpp" />
		<Unit filename="../../TempestIO/TempestIOStreamProxy.cpp" />
		<Unit filename="../../TempestIO/Vector/SimpleVectorDataInterpreter.cpp" />
		<Unit filename="../../TempestIO/Vector/VectorData.cpp" />
		<Unit filename="../../TempestIO/Vector/VectorDataInterpreter.cpp" />
		<Unit filename="../../VectorGame/AbstractGameEnvironment.cpp" />
		<Unit filename="../../VectorGame/CommandLine.cpp" />
		<Unit filename="../../VectorGame/VectorGame.cpp" />
		<Unit filename="../../VectorGame/VectorGameRunner.cpp" />
		<Unit filename="../../VectorGame/VectorMultiGame.cpp" />
		<Extensions>
			<code_completion />
			<debugger />
		</Extensions>
	</Project>
</CodeBlocks_project_file>
