<?xml version="1.0" encoding="UTF-8" standalone="yes" ?>
<CodeBlocks_project_file>
	<FileVersion major="1" minor="6" />
	<Project>
		<Option title="TempestPi" />
		<Option pch_mode="2" />
		<Option compiler="gcc" />
		<Build>
			<Target title="Debug">
				<Option output="bin/Debug/TempestPi" prefix_auto="1" extension_auto="1" />
				<Option object_output="obj/Debug/" />
				<Option type="1" />
				<Option compiler="gcc" />
				<Compiler>
					<Add option="-g" />
				</Compiler>
			</Target>
			<Target title="Release">
				<Option output="bin/Release/TempestPi" prefix_auto="1" extension_auto="1" />
				<Option object_output="obj/Release/" />
				<Option type="1" />
				<Option compiler="gcc" />
				<Compiler>
					<Add option="-O2" />
				</Compiler>
				<Linker>
					<Add option="-s" />
				</Linker>
			</Target>
		</Build>
		<Compiler>
			<Add option="-Wall" />
			<Add option="-fexceptions" />
			<Add directory=".." />
			<Add directory="/opt/vc/include" />
			<Add directory="../../.." />
			<Add directory="../../../VectorGame" />
			<Add directory="../../../TempestIO" />
			<Add directory="../../../AsteroidsCPU" />
			<Add directory="../../../SQLite" />
			<Add directory="../../../TempestCPU/6502" />
			<Add directory="../../../TempestCPU" />
			<Add directory="../../../TempestIO/Vector" />
		</Compiler>
		<Linker>
			<Add library="pthread" />
			<Add library="bcm_host" />
			<Add library="brcmOpenVG" />
			<Add library="brcmEGL" />
			<Add library="brcmGLESv2" />
			<Add library="dl" />
			<Add directory="/opt/vc/lib" />
		</Linker>
		<Unit filename="../../../AsteroidsCPU/AsteroidsBus.cpp" />
		<Unit filename="../../../AsteroidsCPU/AsteroidsBus.h" />
		<Unit filename="../../../AsteroidsCPU/AsteroidsGame.cpp" />
		<Unit filename="../../../AsteroidsCPU/AsteroidsGame.h" />
		<Unit filename="../../../AsteroidsCPU/AsteroidsROMs.cpp" />
		<Unit filename="../../../AsteroidsCPU/AsteroidsROMs.h" />
		<Unit filename="../../../AsteroidsCPU/AsteroidsVectorInterpreter.cpp" />
		<Unit filename="../../../AsteroidsCPU/AsteroidsVectorInterpreter.h" />
		<Unit filename="../../../AsteroidsCPU/stdafx.cpp" />
		<Unit filename="../../../AsteroidsCPU/stdafx.h" />
		<Unit filename="../../../AsteroidsCPU/targetver.h" />
		<Unit filename="../../../SQLite/SQLDB.cpp" />
		<Unit filename="../../../SQLite/SQLDB.h" />
		<Unit filename="../../../SQLite/SQLException.cpp" />
		<Unit filename="../../../SQLite/SQLException.h" />
		<Unit filename="../../../SQLite/SQLParameter.cpp" />
		<Unit filename="../../../SQLite/SQLParameter.h" />
		<Unit filename="../../../SQLite/SQLStatement.cpp" />
		<Unit filename="../../../SQLite/SQLStatement.h" />
		<Unit filename="../../../SQLite/SQLVariant.cpp" />
		<Unit filename="../../../SQLite/SQLVariant.h" />
		<Unit filename="../../../SQLite/SQLiteCommonHeader.cpp" />
		<Unit filename="../../../SQLite/SQLiteCommonHeader.h" />
		<Unit filename="../../../SQLite/sqlite.c">
			<Option compilerVar="CC" />
		</Unit>
		<Unit filename="../../../SQLite/sqlite3.h" />
		<Unit filename="../../../SQLite/sqlite3ext.h" />
		<Unit filename="../../../TempestCPU/6502/AbstractBus.cpp" />
		<Unit filename="../../../TempestCPU/6502/AbstractBus.h" />
		<Unit filename="../../../TempestCPU/6502/CPU6502.cpp" />
		<Unit filename="../../../TempestCPU/6502/CPU6502.h" />
		<Unit filename="../../../TempestCPU/6502/CPU6502Exception.cpp" />
		<Unit filename="../../../TempestCPU/6502/CPU6502Exception.h" />
		<Unit filename="../../../TempestCPU/6502/CPU6502Runner.cpp" />
		<Unit filename="../../../TempestCPU/6502/CPU6502Runner.h" />
		<Unit filename="../../../TempestCPU/6502/ProcessorStatusWord.cpp" />
		<Unit filename="../../../TempestCPU/6502/ProcessorStatusWord.h" />
		<Unit filename="../../../TempestCPU/MathBox.cpp" />
		<Unit filename="../../../TempestCPU/MathBox.h" />
		<Unit filename="../../../TempestCPU/Pokey.cpp" />
		<Unit filename="../../../TempestCPU/Pokey.h" />
		<Unit filename="../../../TempestCPU/TempestBus.cpp" />
		<Unit filename="../../../TempestCPU/TempestBus.h" />
		<Unit filename="../../../TempestCPU/TempestCPU.Headers.cpp" />
		<Unit filename="../../../TempestCPU/TempestCPU.Headers.h" />
		<Unit filename="../../../TempestCPU/TempestException.h" />
		<Unit filename="../../../TempestCPU/TempestGame.cpp" />
		<Unit filename="../../../TempestCPU/TempestGame.h" />
		<Unit filename="../../../TempestCPU/TempestMemoryMap.h" />
		<Unit filename="../../../TempestCPU/TempestPokey.h" />
		<Unit filename="../../../TempestCPU/TempestROMS.cpp" />
		<Unit filename="../../../TempestCPU/TempestROMS.h" />
		<Unit filename="../../../TempestIO/AbstractSoundGenerator.cpp" />
		<Unit filename="../../../TempestIO/AbstractSoundGenerator.h" />
		<Unit filename="../../../TempestIO/AbstractTempestDB.cpp" />
		<Unit filename="../../../TempestIO/AbstractTempestDB.h" />
		<Unit filename="../../../TempestIO/AbstractTempestIO.h" />
		<Unit filename="../../../TempestIO/AbstractTempestStream.cpp" />
		<Unit filename="../../../TempestIO/AbstractTempestStream.h" />
		<Unit filename="../../../TempestIO/ActionQueue.cpp" />
		<Unit filename="../../../TempestIO/ActionQueue.h" />
		<Unit filename="../../../TempestIO/Cpp11WaveStreamer.cpp" />
		<Unit filename="../../../TempestIO/Cpp11WaveStreamer.h" />
		<Unit filename="../../../TempestIO/HighScoreList.cpp" />
		<Unit filename="../../../TempestIO/HighScoreList.h" />
		<Unit filename="../../../TempestIO/Noise.cpp" />
		<Unit filename="../../../TempestIO/Noise.h" />
		<Unit filename="../../../TempestIO/PacketStream.cpp" />
		<Unit filename="../../../TempestIO/PacketStream.h" />
		<Unit filename="../../../TempestIO/SoundChannel.cpp" />
		<Unit filename="../../../TempestIO/SoundChannel.h" />
		<Unit filename="../../../TempestIO/SoundChannelState.cpp" />
		<Unit filename="../../../TempestIO/SoundChannelState.h" />
		<Unit filename="../../../TempestIO/SoundGenerator.cpp" />
		<Unit filename="../../../TempestIO/SoundGenerator.h" />
		<Unit filename="../../../TempestIO/SoundIOPacket.cpp" />
		<Unit filename="../../../TempestIO/SoundIOPacket.h" />
		<Unit filename="../../../TempestIO/TempestChar.cpp" />
		<Unit filename="../../../TempestIO/TempestChar.h" />
		<Unit filename="../../../TempestIO/TempestDB.cpp" />
		<Unit filename="../../../TempestIO/TempestDB.h" />
		<Unit filename="../../../TempestIO/TempestIO.Headers.cpp" />
		<Unit filename="../../../TempestIO/TempestIO.Headers.h" />
		<Unit filename="../../../TempestIO/TempestIOStreamListener.cpp" />
		<Unit filename="../../../TempestIO/TempestIOStreamListener.h" />
		<Unit filename="../../../TempestIO/TempestIOStreamProxy.cpp" />
		<Unit filename="../../../TempestIO/TempestIOStreamProxy.h" />
		<Unit filename="../../../TempestIO/TempestMemoryStream.cpp" />
		<Unit filename="../../../TempestIO/TempestMemoryStream.h" />
		<Unit filename="../../../TempestIO/Vector/SimpleVectorDataInterpreter.cpp" />
		<Unit filename="../../../TempestIO/Vector/SimpleVectorDataInterpreter.h" />
		<Unit filename="../../../TempestIO/Vector/VectorData.cpp" />
		<Unit filename="../../../TempestIO/Vector/VectorData.h" />
		<Unit filename="../../../TempestIO/Vector/VectorDataInterpreter.cpp" />
		<Unit filename="../../../TempestIO/Vector/VectorDataInterpreter.h" />
		<Unit filename="../../../TempestIO/WaveSoundDriver.h" />
		<Unit filename="../../../TempestIO/WaveStreamer.cpp" />
		<Unit filename="../../../TempestIO/WaveStreamer.h" />
		<Unit filename="../../../VectorGame/AbstractGameEnvironment.cpp" />
		<Unit filename="../../../VectorGame/AbstractGameEnvironment.h" />
		<Unit filename="../../../VectorGame/CommandLine.cpp" />
		<Unit filename="../../../VectorGame/CommandLine.h" />
		<Unit filename="../../../VectorGame/DisplayVector.h" />
		<Unit filename="../../../VectorGame/GameResourceID.h" />
		<Unit filename="../../../VectorGame/VectorGame.cpp" />
		<Unit filename="../../../VectorGame/VectorGame.h" />
		<Unit filename="../../../VectorGame/VectorGameException.h" />
		<Unit filename="../../../VectorGame/VectorGameRunner.cpp" />
		<Unit filename="../../../VectorGame/VectorGameRunner.h" />
		<Unit filename="../../../VectorGame/VectorMultiGame.cpp" />
		<Unit filename="../../../VectorGame/VectorMultiGame.h" />
		<Unit filename="../PiScreen.cpp" />
		<Unit filename="../PiSerialStream.cpp" />
		<Unit filename="../TempestPi.cpp" />
		<Unit filename="../TempestPiIO.cpp" />
		<Unit filename="../TempestSocketListener.cpp" />
		<Unit filename="../main.cpp" />
		<Extensions>
			<code_completion>
				<search_path add=".." />
			</code_completion>
			<debugger />
		</Extensions>
	</Project>
</CodeBlocks_project_file>
