<?xml version="1.0" encoding="utf-8"?>
<Project ToolsVersion="4.0" xmlns="http://schemas.microsoft.com/developer/msbuild/2003">
  <ItemGroup>
    <Filter Include="Source Files">
      <UniqueIdentifier>{4FC737F1-C7A5-4376-A066-2A32D752A2FF}</UniqueIdentifier>
      <Extensions>cpp;c;cc;cxx;def;odl;idl;hpj;bat;asm;asmx</Extensions>
    </Filter>
    <Filter Include="Header Files">
      <UniqueIdentifier>{93995380-89BD-4b04-88EB-625FBE52EBFB}</UniqueIdentifier>
      <Extensions>h;hh;hpp;hxx;hm;inl;inc;xsd</Extensions>
    </Filter>
    <Filter Include="Resource Files">
      <UniqueIdentifier>{67DA6AB6-F800-4c08-8B7A-83BB121AAD01}</UniqueIdentifier>
      <Extensions>rc;ico;cur;bmp;dlg;rc2;rct;bin;rgs;gif;jpg;jpeg;jpe;resx;tiff;tif;png;wav;mfcribbon-ms</Extensions>
    </Filter>
    <Filter Include="Win32">
      <UniqueIdentifier>{f5e58d3e-435b-4d3f-9538-62091d7e2ebb}</UniqueIdentifier>
    </Filter>
    <Filter Include="Win32\Source Files">
      <UniqueIdentifier>{a7056f75-ba72-42be-a767-969a319af6db}</UniqueIdentifier>
    </Filter>
    <Filter Include="Win32\Header Files">
      <UniqueIdentifier>{c37ad670-b0fc-4acf-a832-18c37e017033}</UniqueIdentifier>
    </Filter>
    <Filter Include="6502">
      <UniqueIdentifier>{1f7a08b9-a3d5-4519-af4c-92a9cf2b9e21}</UniqueIdentifier>
    </Filter>
    <Filter Include="6502\Source Files">
      <UniqueIdentifier>{59d86b73-f651-4375-be13-309308855204}</UniqueIdentifier>
    </Filter>
    <Filter Include="6502\Header Files">
      <UniqueIdentifier>{76c7f1f0-7a90-4bd4-9b23-832e5e81e36e}</UniqueIdentifier>
    </Filter>
    <Filter Include="Vector">
      <UniqueIdentifier>{58f5690e-5bb7-4ae3-bb00-732db1f54976}</UniqueIdentifier>
    </Filter>
    <Filter Include="Vector\Source Files">
      <UniqueIdentifier>{d66aa2ae-db25-4a3b-92da-55fa7b7af6f9}</UniqueIdentifier>
    </Filter>
    <Filter Include="Vector\Header Files">
      <UniqueIdentifier>{2f069af9-af52-4c10-bc0a-ebbb4c195179}</UniqueIdentifier>
    </Filter>
    <Filter Include="MathBox">
      <UniqueIdentifier>{71a4f04a-fef8-414a-9c14-d1ff9639c829}</UniqueIdentifier>
    </Filter>
    <Filter Include="MathBox\Source Files">
      <UniqueIdentifier>{aca0f39c-265a-4784-8a7c-c4394343bae0}</UniqueIdentifier>
    </Filter>
    <Filter Include="MathBox\Header Files">
      <UniqueIdentifier>{3b2944c4-c163-416f-86e2-f731c83abfc9}</UniqueIdentifier>
    </Filter>
    <Filter Include="Pokey">
      <UniqueIdentifier>{e3a85f5a-3df5-4ed0-beca-2bfb258e2455}</UniqueIdentifier>
    </Filter>
    <Filter Include="Pokey\Source Files">
      <UniqueIdentifier>{ed24aa61-3364-490c-8e6e-fb41e7f6f03d}</UniqueIdentifier>
    </Filter>
    <Filter Include="Pokey\Header Files">
      <UniqueIdentifier>{c9876340-964f-45f6-8ac8-f9ae867a2e7b}</UniqueIdentifier>
    </Filter>
  </ItemGroup>
  <ItemGroup>
    <ClCompile Include="TempestBus.cpp">
      <Filter>Source Files</Filter>
    </ClCompile>
    <ClCompile Include="TempestException.cpp">
      <Filter>Source Files</Filter>
    </ClCompile>
    <ClCompile Include="6502\CPU6502.cpp">
      <Filter>6502\Source Files</Filter>
    </ClCompile>
    <ClCompile Include="6502\CPU6502Exception.cpp">
      <Filter>6502\Source Files</Filter>
    </ClCompile>
    <ClCompile Include="Vector\VectorGenerator.cpp">
      <Filter>Vector\Source Files</Filter>
    </ClCompile>
    <ClCompile Include="Vector\VectorData.cpp">
      <Filter>Vector\Source Files</Filter>
    </ClCompile>
    <ClCompile Include="Vector\VectorDataInterpreter.cpp">
      <Filter>Vector\Source Files</Filter>
    </ClCompile>
    <ClCompile Include="Vector\SimpleVectorDataInterpreter.cpp">
      <Filter>Vector\Source Files</Filter>
    </ClCompile>
    <ClCompile Include="MathBox\Am2901.cpp">
      <Filter>MathBox\Source Files</Filter>
    </ClCompile>
    <ClCompile Include="MathBox\MathBox.cpp">
      <Filter>MathBox\Source Files</Filter>
    </ClCompile>
    <ClCompile Include="MathBox\MathBoxException.cpp">
      <Filter>MathBox\Source Files</Filter>
    </ClCompile>
    <ClCompile Include="stdafx.cpp">
      <Filter>Source Files</Filter>
    </ClCompile>
    <ClCompile Include="EEPROM.cpp">
      <Filter>Source Files</Filter>
    </ClCompile>
    <ClCompile Include="MathBox\MathBoxLog.cpp">
      <Filter>MathBox\Source Files</Filter>
    </ClCompile>
    <ClCompile Include="MathBox\MathBoxLogEntry.cpp">
      <Filter>MathBox\Source Files</Filter>
    </ClCompile>
    <ClCompile Include="MathBox\MathBoxXML.cpp">
      <Filter>MathBox\Source Files</Filter>
    </ClCompile>
    <ClCompile Include="MathBox\ALULogEntry.cpp">
      <Filter>MathBox\Source Files</Filter>
    </ClCompile>
    <ClCompile Include="Pokey\Pokey.cpp">
      <Filter>Pokey\Source Files</Filter>
    </ClCompile>
    <ClCompile Include="Win32\Win32WaveStreamer.cpp">
      <Filter>Win32\Source Files</Filter>
    </ClCompile>
    <ClCompile Include="Win32\Win32WaveBuffer.cpp">
      <Filter>Win32\Source Files</Filter>
    </ClCompile>
    <ClCompile Include="TempestRunner.cpp">
      <Filter>Source Files</Filter>
    </ClCompile>
    <ClCompile Include="Win32\Win32RealTimeClock.cpp">
      <Filter>Win32\Source Files</Filter>
    </ClCompile>
  </ItemGroup>
  <ItemGroup>
    <ClInclude Include="EEPROM.h">
      <Filter>Header Files</Filter>
    </ClInclude>
    <ClInclude Include="TempestBus.h">
      <Filter>Header Files</Filter>
    </ClInclude>
    <ClInclude Include="TempestException.h">
      <Filter>Header Files</Filter>
    </ClInclude>
    <ClInclude Include="6502\AbstractBus.h">
      <Filter>6502\Header Files</Filter>
    </ClInclude>
    <ClInclude Include="6502\CPU6502.h">
      <Filter>6502\Header Files</Filter>
    </ClInclude>
    <ClInclude Include="6502\CPU6502Exception.h">
      <Filter>6502\Header Files</Filter>
    </ClInclude>
    <ClInclude Include="Vector\VectorGenerator.h">
      <Filter>Vector\Header Files</Filter>
    </ClInclude>
    <ClInclude Include="Vector\VectorData.h">
      <Filter>Vector\Header Files</Filter>
    </ClInclude>
    <ClInclude Include="Vector\VectorDataInterpreter.h">
      <Filter>Vector\Header Files</Filter>
    </ClInclude>
    <ClInclude Include="Vector\SimpleVector.h">
      <Filter>Vector\Header Files</Filter>
    </ClInclude>
    <ClInclude Include="Vector\SimpleVectorDataInterpreter.h">
      <Filter>Vector\Header Files</Filter>
    </ClInclude>
    <ClInclude Include="MathBox\Am2901.h">
      <Filter>MathBox\Header Files</Filter>
    </ClInclude>
    <ClInclude Include="MathBox\MathBox.h">
      <Filter>MathBox\Header Files</Filter>
    </ClInclude>
    <ClInclude Include="MathBox\MathBoxException.h">
      <Filter>MathBox\Header Files</Filter>
    </ClInclude>
    <ClInclude Include="Win32\Win32.h">
      <Filter>Win32\Header Files</Filter>
    </ClInclude>
    <ClInclude Include="stdafx.h">
      <Filter>Header Files</Filter>
    </ClInclude>
    <ClInclude Include="MathBox\Nullable.h">
      <Filter>MathBox\Header Files</Filter>
    </ClInclude>
    <ClInclude Include="MathBox\Nybble.h">
      <Filter>MathBox\Header Files</Filter>
    </ClInclude>
    <ClInclude Include="MathBox\MathBoxLog.h">
      <Filter>MathBox\Header Files</Filter>
    </ClInclude>
    <ClInclude Include="MathBox\MathBoxLogEntry.h">
      <Filter>MathBox\Header Files</Filter>
    </ClInclude>
    <ClInclude Include="MathBox\ALULogEntry.h">
      <Filter>MathBox\Header Files</Filter>
    </ClInclude>
    <ClInclude Include="MathBox\MathBoxXML.h">
      <Filter>MathBox\Header Files</Filter>
    </ClInclude>
    <ClInclude Include="MathBox\MathBoxTracer.h">
      <Filter>MathBox\Header Files</Filter>
    </ClInclude>
    <ClInclude Include="Pokey\Pokey.h">
      <Filter>Pokey\Header Files</Filter>
    </ClInclude>
    <ClInclude Include="TempestPokey.h">
      <Filter>Header Files</Filter>
    </ClInclude>
    <ClInclude Include="Win32\Win32WaveStreamer.h">
      <Filter>Win32\Header Files</Filter>
    </ClInclude>
    <ClInclude Include="Win32\Win32WaveBuffer.h">
      <Filter>Win32\Header Files</Filter>
    </ClInclude>
    <ClInclude Include="TempestRunner.h">
      <Filter>Header Files</Filter>
    </ClInclude>
    <ClInclude Include="AbstractRealTimeClock.h">
      <Filter>Header Files</Filter>
    </ClInclude>
    <ClInclude Include="Win32\Win32RealTimeClock.h">
      <Filter>Win32\Header Files</Filter>
    </ClInclude>
  </ItemGroup>
</Project>