<?xml version="1.0" encoding="utf-8"?>
<Project ToolsVersion="4.0" xmlns="http://schemas.microsoft.com/developer/msbuild/2003">
  <ItemGroup>
    <Filter Include="Source Files">
      <UniqueIdentifier>{4FC737F1-C7A5-4376-A066-2A32D752A2FF}</UniqueIdentifier>
      <Extensions>cpp;c;cc;cxx;def;odl;idl;hpj;bat;asm;asmx</Extensions>
    </Filter>
    <Filter Include="Header Files">
      <UniqueIdentifier>{93995380-89BD-4b04-88EB-625FBE52EBFB}</UniqueIdentifier>
      <Extensions>h;hh;hpp;hxx;hm;inl;inc;xsd</Extensions>
    </Filter>
    <Filter Include="Resource Files">
      <UniqueIdentifier>{67DA6AB6-F800-4c08-8B7A-83BB121AAD01}</UniqueIdentifier>
      <Extensions>rc;ico;cur;bmp;dlg;rc2;rct;bin;rgs;gif;jpg;jpeg;jpe;resx;tiff;tif;png;wav;mfcribbon-ms</Extensions>
    </Filter>
    <Filter Include="Win32">
      <UniqueIdentifier>{f5e58d3e-435b-4d3f-9538-62091d7e2ebb}</UniqueIdentifier>
    </Filter>
    <Filter Include="Win32\Source Files">
      <UniqueIdentifier>{a7056f75-ba72-42be-a767-969a319af6db}</UniqueIdentifier>
    </Filter>
    <Filter Include="Win32\Header Files">
      <UniqueIdentifier>{c37ad670-b0fc-4acf-a832-18c37e017033}</UniqueIdentifier>
    </Filter>
    <Filter Include="6502">
      <UniqueIdentifier>{1f7a08b9-a3d5-4519-af4c-92a9cf2b9e21}</UniqueIdentifier>
    </Filter>
    <Filter Include="6502\Source Files">
      <UniqueIdentifier>{59d86b73-f651-4375-be13-309308855204}</UniqueIdentifier>
    </Filter>
    <Filter Include="6502\Header Files">
      <UniqueIdentifier>{76c7f1f0-7a90-4bd4-9b23-832e5e81e36e}</UniqueIdentifier>
    </Filter>
    <Filter Include="Vector">
      <UniqueIdentifier>{58f5690e-5bb7-4ae3-bb00-732db1f54976}</UniqueIdentifier>
    </Filter>
    <Filter Include="Vector\Source Files">
      <UniqueIdentifier>{d66aa2ae-db25-4a3b-92da-55fa7b7af6f9}</UniqueIdentifier>
    </Filter>
    <Filter Include="Vector\Header Files">
      <UniqueIdentifier>{2f069af9-af52-4c10-bc0a-ebbb4c195179}</UniqueIdentifier>
    </Filter>
  </ItemGroup>
  <ItemGroup>
    <ClCompile Include="MathBox.cpp">
      <Filter>Source Files</Filter>
    </ClCompile>
    <ClCompile Include="TempestBus.cpp">
      <Filter>Source Files</Filter>
    </ClCompile>
    <ClCompile Include="TempestException.cpp">
      <Filter>Source Files</Filter>
    </ClCompile>
    <ClCompile Include="Win32\Win32PerformanceCounter3KHzClock.cpp">
      <Filter>Win32\Source Files</Filter>
    </ClCompile>
    <ClCompile Include="6502\CPU6502.cpp">
      <Filter>6502\Source Files</Filter>
    </ClCompile>
    <ClCompile Include="6502\InstructionLog.cpp">
      <Filter>6502\Source Files</Filter>
    </ClCompile>
    <ClCompile Include="6502\InstructionLogEntry.cpp">
      <Filter>6502\Source Files</Filter>
    </ClCompile>
    <ClCompile Include="6502\Mnemonic6502.cpp">
      <Filter>6502\Source Files</Filter>
    </ClCompile>
    <ClCompile Include="6502\CPU6502Exception.cpp">
      <Filter>6502\Source Files</Filter>
    </ClCompile>
    <ClCompile Include="Vector\VectorGenerator.cpp">
      <Filter>Vector\Source Files</Filter>
    </ClCompile>
    <ClCompile Include="Vector\VectorData.cpp">
      <Filter>Vector\Source Files</Filter>
    </ClCompile>
    <ClCompile Include="Vector\VectorDataInterpreter.cpp">
      <Filter>Vector\Source Files</Filter>
    </ClCompile>
    <ClCompile Include="Vector\SimpleVectorDataInterpreter.cpp">
      <Filter>Vector\Source Files</Filter>
    </ClCompile>
    <ClCompile Include="Am2901.cpp">
      <Filter>Source Files</Filter>
    </ClCompile>
  </ItemGroup>
  <ItemGroup>
    <ClInclude Include="Win32\Win32PerformanceCounter3KHzClock.h">
      <Filter>Win32\Header Files</Filter>
    </ClInclude>
    <ClInclude Include="Abstract3KHzClock.h">
      <Filter>Header Files</Filter>
    </ClInclude>
    <ClInclude Include="EEPROM.h">
      <Filter>Header Files</Filter>
    </ClInclude>
    <ClInclude Include="MathBox.h">
      <Filter>Header Files</Filter>
    </ClInclude>
    <ClInclude Include="Pokey.h">
      <Filter>Header Files</Filter>
    </ClInclude>
    <ClInclude Include="TempestBus.h">
      <Filter>Header Files</Filter>
    </ClInclude>
    <ClInclude Include="TempestException.h">
      <Filter>Header Files</Filter>
    </ClInclude>
    <ClInclude Include="6502\AbstractBus.h">
      <Filter>6502\Header Files</Filter>
    </ClInclude>
    <ClInclude Include="6502\CPU6502.h">
      <Filter>6502\Header Files</Filter>
    </ClInclude>
    <ClInclude Include="6502\InstructionLog.h">
      <Filter>6502\Header Files</Filter>
    </ClInclude>
    <ClInclude Include="6502\InstructionLogEntry.h">
      <Filter>6502\Header Files</Filter>
    </ClInclude>
    <ClInclude Include="6502\Mnemonic6502.h">
      <Filter>6502\Header Files</Filter>
    </ClInclude>
    <ClInclude Include="6502\CPU6502Exception.h">
      <Filter>6502\Header Files</Filter>
    </ClInclude>
    <ClInclude Include="Vector\VectorGenerator.h">
      <Filter>Vector\Header Files</Filter>
    </ClInclude>
    <ClInclude Include="Vector\VectorData.h">
      <Filter>Vector\Header Files</Filter>
    </ClInclude>
    <ClInclude Include="Vector\VectorDataInterpreter.h">
      <Filter>Vector\Header Files</Filter>
    </ClInclude>
    <ClInclude Include="Vector\SimpleVector.h">
      <Filter>Vector\Header Files</Filter>
    </ClInclude>
    <ClInclude Include="Vector\SimpleVectorDataInterpreter.h">
      <Filter>Vector\Header Files</Filter>
    </ClInclude>
    <ClInclude Include="Am2901.h">
      <Filter>Header Files</Filter>
    </ClInclude>
  </ItemGroup>
</Project>