<?xml version="1.0" encoding="utf-8"?>
<Project ToolsVersion="4.0" xmlns="http://schemas.microsoft.com/developer/msbuild/2003">
  <ItemGroup>
    <Filter Include="Source Files">
      <UniqueIdentifier>{4FC737F1-C7A5-4376-A066-2A32D752A2FF}</UniqueIdentifier>
      <Extensions>cpp;c;cc;cxx;def;odl;idl;hpj;bat;asm;asmx</Extensions>
    </Filter>
    <Filter Include="Header Files">
      <UniqueIdentifier>{93995380-89BD-4b04-88EB-625FBE52EBFB}</UniqueIdentifier>
      <Extensions>h;hh;hpp;hxx;hm;inl;inc;xsd</Extensions>
    </Filter>
    <Filter Include="Resource Files">
      <UniqueIdentifier>{67DA6AB6-F800-4c08-8B7A-83BB121AAD01}</UniqueIdentifier>
      <Extensions>rc;ico;cur;bmp;dlg;rc2;rct;bin;rgs;gif;jpg;jpeg;jpe;resx;tiff;tif;png;wav;mfcribbon-ms</Extensions>
    </Filter>
    <Filter Include="Vector">
      <UniqueIdentifier>{fd842fe3-b6cf-45cc-b374-4fdf830e5afa}</UniqueIdentifier>
    </Filter>
    <Filter Include="Vector\Source Files">
      <UniqueIdentifier>{689eaa0c-9063-417b-83aa-34a448395674}</UniqueIdentifier>
    </Filter>
    <Filter Include="Vector\Header Files">
      <UniqueIdentifier>{b1e56580-8a11-47e5-8cd2-6a4e91fedb4c}</UniqueIdentifier>
    </Filter>
  </ItemGroup>
  <ItemGroup>
    <ClInclude Include="stdafx.h">
      <Filter>Header Files</Filter>
    </ClInclude>
    <ClInclude Include="SoundChannel.h">
      <Filter>Header Files</Filter>
    </ClInclude>
    <ClInclude Include="AbstractTempestIO.h">
      <Filter>Header Files</Filter>
    </ClInclude>
    <ClInclude Include="SoundGenerator.h">
      <Filter>Header Files</Filter>
    </ClInclude>
    <ClInclude Include="Vector\VectorData.h">
      <Filter>Vector\Header Files</Filter>
    </ClInclude>
    <ClInclude Include="Vector\SimpleVector.h">
      <Filter>Vector\Header Files</Filter>
    </ClInclude>
    <ClInclude Include="Vector\SimpleVectorDataInterpreter.h">
      <Filter>Vector\Header Files</Filter>
    </ClInclude>
    <ClInclude Include="Vector\VectorDataInterpreter.h">
      <Filter>Vector\Header Files</Filter>
    </ClInclude>
    <ClInclude Include="TempestIOStreamProxy.h">
      <Filter>Header Files</Filter>
    </ClInclude>
    <ClInclude Include="AbstractTempestStream.h">
      <Filter>Header Files</Filter>
    </ClInclude>
    <ClInclude Include="TempestMemoryStream.h">
      <Filter>Header Files</Filter>
    </ClInclude>
    <ClInclude Include="TempestStreamProtocol.h">
      <Filter>Header Files</Filter>
    </ClInclude>
    <ClInclude Include="TempestIOStreamListener.h">
      <Filter>Header Files</Filter>
    </ClInclude>
    <ClInclude Include="WaveStreamer.h">
      <Filter>Header Files</Filter>
    </ClInclude>
    <ClInclude Include="Vector\TempestColor.h">
      <Filter>Vector\Header Files</Filter>
    </ClInclude>
    <ClInclude Include="PacketStream.h">
      <Filter>Header Files</Filter>
    </ClInclude>
    <ClInclude Include="Noise.h">
      <Filter>Header Files</Filter>
    </ClInclude>
    <ClInclude Include="SoundIOPacket.h">
      <Filter>Header Files</Filter>
    </ClInclude>
  </ItemGroup>
  <ItemGroup>
    <ClCompile Include="stdafx.cpp">
      <Filter>Source Files</Filter>
    </ClCompile>
    <ClCompile Include="SoundChannel.cpp">
      <Filter>Source Files</Filter>
    </ClCompile>
    <ClCompile Include="SoundGenerator.cpp">
      <Filter>Source Files</Filter>
    </ClCompile>
    <ClCompile Include="Vector\VectorData.cpp">
      <Filter>Vector\Source Files</Filter>
    </ClCompile>
    <ClCompile Include="Vector\SimpleVectorDataInterpreter.cpp">
      <Filter>Vector\Source Files</Filter>
    </ClCompile>
    <ClCompile Include="Vector\VectorDataInterpreter.cpp">
      <Filter>Vector\Source Files</Filter>
    </ClCompile>
    <ClCompile Include="TempestIOStreamProxy.cpp">
      <Filter>Source Files</Filter>
    </ClCompile>
    <ClCompile Include="TempestMemoryStream.cpp">
      <Filter>Source Files</Filter>
    </ClCompile>
    <ClCompile Include="TempestIOStreamListener.cpp">
      <Filter>Source Files</Filter>
    </ClCompile>
    <ClCompile Include="WaveStreamer.cpp">
      <Filter>Source Files</Filter>
    </ClCompile>
    <ClCompile Include="Noise.cpp">
      <Filter>Source Files</Filter>
    </ClCompile>
    <ClCompile Include="PacketStream.cpp">
      <Filter>Source Files</Filter>
    </ClCompile>
    <ClCompile Include="SoundIOPacket.cpp">
      <Filter>Source Files</Filter>
    </ClCompile>
    <ClCompile Include="SoundChannelState.cpp">
      <Filter>Source Files</Filter>
    </ClCompile>
  </ItemGroup>
</Project>